
Microsoft Visual Studio Solution File, Format Version 12.00
# Visual Studio Version 17
VisualStudioVersion = 17.3.32922.545
MinimumVisualStudioVersion = 10.0.40219.1
Project("{FAE04EC0-301F-11D3-BF4B-00C04F79EFBC}") = "Sadettin Dursun-20200108033-Final", "Sadettin Dursun-20200108033-Final\Sadettin Dursun-20200108033-Final.csproj", "{E15B3098-2A17-4D51-A5AB-1538E4ECF493}"
EndProject
Global
	GlobalSection(SolutionConfigurationPlatforms) = preSolution
		Debug|Any CPU = Debug|Any CPU
		Release|Any CPU = Release|Any CPU
	EndGlobalSection
	GlobalSection(ProjectConfigurationPlatforms) = postSolution
		{E15B3098-2A17-4D51-A5AB-1538E4ECF493}.Debug|Any CPU.ActiveCfg = Debug|Any CPU
		{E15B3098-2A17-4D51-A5AB-1538E4ECF493}.Debug|Any CPU.Build.0 = Debug|Any CPU
		{E15B3098-2A17-4D51-A5AB-1538E4ECF493}.Release|Any CPU.ActiveCfg = Release|Any CPU
		{E15B3098-2A17-4D51-A5AB-1538E4ECF493}.Release|Any CPU.Build.0 = Release|Any CPU
	EndGlobalSection
	GlobalSection(SolutionProperties) = preSolution
		HideSolutionNode = FALSE
	EndGlobalSection
	GlobalSection(ExtensibilityGlobals) = postSolution
		SolutionGuid = {C5C2322D-1508-4BB9-B8A4-F22893BE036B}
	EndGlobalSection
EndGlobal
